
Microsoft Visual Studio Solution File, Format Version 12.00
# Visual Studio 15
Project("{FAE04EC0-301F-11D3-BF4B-00C04F79EFBC}") = "Working", "Working.csproj", "{40999811-633F-CADC-0A42-F210EC229CE1}"
EndProject
Global
	GlobalSection(SolutionConfigurationPlatforms) = preSolution
		Debug|Any CPU = Debug|Any CPU
		Release|Any CPU = Release|Any CPU
	EndGlobalSection
	GlobalSection(ProjectConfigurationPlatforms) = postSolution
		{40999811-633F-CADC-0A42-F210EC229CE1}.Debug|Any CPU.ActiveCfg = Debug|Any CPU
		{40999811-633F-CADC-0A42-F210EC229CE1}.Debug|Any CPU.Build.0 = Debug|Any CPU
		{40999811-633F-CADC-0A42-F210EC229CE1}.Release|Any CPU.ActiveCfg = Release|Any CPU
		{40999811-633F-CADC-0A42-F210EC229CE1}.Release|Any CPU.Build.0 = Release|Any CPU
	EndGlobalSection
	GlobalSection(SolutionProperties) = preSolution
		HideSolutionNode = FALSE
	EndGlobalSection
EndGlobal
